
Microsoft Visual Studio Solution File, Format Version 12.00
# Visual Studio Version 16
VisualStudioVersion = 16.0.30717.126
MinimumVisualStudioVersion = 10.0.40219.1
Project("{FAE04EC0-301F-11D3-BF4B-00C04F79EFBC}") = "kata.rover.test", "kata.rover.test\kata.rover.test.csproj", "{84DD92EF-61AD-42A0-AD33-05CB89EF4279}"
EndProject
Global
	GlobalSection(SolutionConfigurationPlatforms) = preSolution
		Debug|Any CPU = Debug|Any CPU
		Release|Any CPU = Release|Any CPU
	EndGlobalSection
	GlobalSection(ProjectConfigurationPlatforms) = postSolution
		{84DD92EF-61AD-42A0-AD33-05CB89EF4279}.Debug|Any CPU.ActiveCfg = Debug|Any CPU
		{84DD92EF-61AD-42A0-AD33-05CB89EF4279}.Debug|Any CPU.Build.0 = Debug|Any CPU
		{84DD92EF-61AD-42A0-AD33-05CB89EF4279}.Release|Any CPU.ActiveCfg = Release|Any CPU
		{84DD92EF-61AD-42A0-AD33-05CB89EF4279}.Release|Any CPU.Build.0 = Release|Any CPU
	EndGlobalSection
	GlobalSection(SolutionProperties) = preSolution
		HideSolutionNode = FALSE
	EndGlobalSection
	GlobalSection(ExtensibilityGlobals) = postSolution
		SolutionGuid = {62E4714F-837E-4627-941B-F0F107AE64A5}
	EndGlobalSection
EndGlobal
